// !$*UTF8*$!
{
	archiveVersion = 1;
	classes = {
	};
	objectVersion = 50;
	objects = {

/* Begin PBXBuildFile section */
		354757E02509411B006F4E83 /* AppDelegate.swift in Sources */ = {isa = PBXBuildFile; fileRef = 354757DF2509411B006F4E83 /* AppDelegate.swift */; };
		354757E22509411B006F4E83 /* SceneDelegate.swift in Sources */ = {isa = PBXBuildFile; fileRef = 354757E12509411B006F4E83 /* SceneDelegate.swift */; };
		354757E42509411B006F4E83 /* ViewController.swift in Sources */ = {isa = PBXBuildFile; fileRef = 354757E32509411B006F4E83 /* ViewController.swift */; };
		354757E72509411B006F4E83 /* Main.storyboard in Resources */ = {isa = PBXBuildFile; fileRef = 354757E52509411B006F4E83 /* Main.storyboard */; };
		354757E92509411C006F4E83 /* Assets.xcassets in Resources */ = {isa = PBXBuildFile; fileRef = 354757E82509411C006F4E83 /* Assets.xcassets */; };
		354757EC2509411C006F4E83 /* LaunchScreen.storyboard in Resources */ = {isa = PBXBuildFile; fileRef = 354757EA2509411C006F4E83 /* LaunchScreen.storyboard */; };
		354757F52509415E006F4E83 /* PDFKit.framework in Frameworks */ = {isa = PBXBuildFile; fileRef = 354757F42509415E006F4E83 /* PDFKit.framework */; };
		354757FA250944B8006F4E83 /* 2.pdf in Resources */ = {isa = PBXBuildFile; fileRef = 354757F7250944B8006F4E83 /* 2.pdf */; };
		354757FB250944B8006F4E83 /* 1.pdf in Resources */ = {isa = PBXBuildFile; fileRef = 354757F8250944B8006F4E83 /* 1.pdf */; };
		354757FC250944B8006F4E83 /* 3.pdf in Resources */ = {isa = PBXBuildFile; fileRef = 354757F9250944B8006F4E83 /* 3.pdf */; };
/* End PBXBuildFile section */

/* Begin PBXFileReference section */
		354757DC2509411B006F4E83 /* PDFMergeExample.app */ = {isa = PBXFileReference; explicitFileType = wrapper.application; includeInIndex = 0; path = PDFMergeExample.app; sourceTree = BUILT_PRODUCTS_DIR; };
		354757DF2509411B006F4E83 /* AppDelegate.swift */ = {isa = PBXFileReference; lastKnownFileType = sourcecode.swift; path = AppDelegate.swift; sourceTree = "<group>"; };
		354757E12509411B006F4E83 /* SceneDelegate.swift */ = {isa = PBXFileReference; lastKnownFileType = sourcecode.swift; path = SceneDelegate.swift; sourceTree = "<group>"; };
		354757E32509411B006F4E83 /* ViewController.swift */ = {isa = PBXFileReference; lastKnownFileType = sourcecode.swift; path = ViewController.swift; sourceTree = "<group>"; };
		354757E62509411B006F4E83 /* Base */ = {isa = PBXFileReference; lastKnownFileType = file.storyboard; name = Base; path = Base.lproj/Main.storyboard; sourceTree = "<group>"; };
		354757E82509411C006F4E83 /* Assets.xcassets */ = {isa = PBXFileReference; lastKnownFileType = folder.assetcatalog; path = Assets.xcassets; sourceTree = "<group>"; };
		354757EB2509411C006F4E83 /* Base */ = {isa = PBXFileReference; lastKnownFileType = file.storyboard; name = Base; path = Base.lproj/LaunchScreen.storyboard; sourceTree = "<group>"; };
		354757ED2509411C006F4E83 /* Info.plist */ = {isa = PBXFileReference; lastKnownFileType = text.plist.xml; path = Info.plist; sourceTree = "<group>"; };
		354757F42509415E006F4E83 /* PDFKit.framework */ = {isa = PBXFileReference; lastKnownFileType = wrapper.framework; name = PDFKit.framework; path = System/Library/Frameworks/PDFKit.framework; sourceTree = SDKROOT; };
		354757F7250944B8006F4E83 /* 2.pdf */ = {isa = PBXFileReference; lastKnownFileType = image.pdf; path = 2.pdf; sourceTree = "<group>"; };
		354757F8250944B8006F4E83 /* 1.pdf */ = {isa = PBXFileReference; lastKnownFileType = image.pdf; path = 1.pdf; sourceTree = "<group>"; };
		354757F9250944B8006F4E83 /* 3.pdf */ = {isa = PBXFileReference; lastKnownFileType = image.pdf; path = 3.pdf; sourceTree = "<group>"; };
/* End PBXFileReference section */

/* Begin PBXFrameworksBuildPhase section */
		354757D92509411B006F4E83 /* Frameworks */ = {
			isa = PBXFrameworksBuildPhase;
			buildActionMask = 2147483647;
			files = (
				354757F52509415E006F4E83 /* PDFKit.framework in Frameworks */,
			);
			runOnlyForDeploymentPostprocessing = 0;
		};
/* End PBXFrameworksBuildPhase section */

/* Begin PBXGroup section */
		354757D32509411B006F4E83 = {
			isa = PBXGroup;
			children = (
				354757DE2509411B006F4E83 /* PDFMergeExample */,
				354757DD2509411B006F4E83 /* Products */,
				354757F32509415E006F4E83 /* Frameworks */,
			);
			sourceTree = "<group>";
		};
		354757DD2509411B006F4E83 /* Products */ = {
			isa = PBXGroup;
			children = (
				354757DC2509411B006F4E83 /* PDFMergeExample.app */,
			);
			name = Products;
			sourceTree = "<group>";
		};
		354757DE2509411B006F4E83 /* PDFMergeExample */ = {
			isa = PBXGroup;
			children = (
				354757F625094493006F4E83 /* PDFs */,
				354757DF2509411B006F4E83 /* AppDelegate.swift */,
				354757E12509411B006F4E83 /* SceneDelegate.swift */,
				354757E32509411B006F4E83 /* ViewController.swift */,
				354757E52509411B006F4E83 /* Main.storyboard */,
				354757E82509411C006F4E83 /* Assets.xcassets */,
				354757EA2509411C006F4E83 /* LaunchScreen.storyboard */,
				354757ED2509411C006F4E83 /* Info.plist */,
			);
			path = PDFMergeExample;
			sourceTree = "<group>";
		};
		354757F32509415E006F4E83 /* Frameworks */ = {
			isa = PBXGroup;
			children = (
				354757F42509415E006F4E83 /* PDFKit.framework */,
			);
			name = Frameworks;
			sourceTree = "<group>";
		};
		354757F625094493006F4E83 /* PDFs */ = {
			isa = PBXGroup;
			children = (
				354757F8250944B8006F4E83 /* 1.pdf */,
				354757F7250944B8006F4E83 /* 2.pdf */,
				354757F9250944B8006F4E83 /* 3.pdf */,
			);
			path = PDFs;
			sourceTree = "<group>";
		};
/* End PBXGroup section */

/* Begin PBXNativeTarget section */
		354757DB2509411B006F4E83 /* PDFMergeExample */ = {
			isa = PBXNativeTarget;
			buildConfigurationList = 354757F02509411C006F4E83 /* Build configuration list for PBXNativeTarget "PDFMergeExample" */;
			buildPhases = (
				354757D82509411B006F4E83 /* Sources */,
				354757D92509411B006F4E83 /* Frameworks */,
				354757DA2509411B006F4E83 /* Resources */,
			);
			buildRules = (
			);
			dependencies = (
			);
			name = PDFMergeExample;
			productName = PDFMergeExample;
			productReference = 354757DC2509411B006F4E83 /* PDFMergeExample.app */;
			productType = "com.apple.product-type.application";
		};
/* End PBXNativeTarget section */

/* Begin PBXProject section */
		354757D42509411B006F4E83 /* Project object */ = {
			isa = PBXProject;
			attributes = {
				LastSwiftUpdateCheck = 1150;
				LastUpgradeCheck = 1150;
				ORGANIZATIONNAME = Siddharth;
				TargetAttributes = {
					354757DB2509411B006F4E83 = {
						CreatedOnToolsVersion = 11.5;
					};
				};
			};
			buildConfigurationList = 354757D72509411B006F4E83 /* Build configuration list for PBXProject "PDFMergeExample" */;
			compatibilityVersion = "Xcode 9.3";
			developmentRegion = en;
			hasScannedForEncodings = 0;
			knownRegions = (
				en,
				Base,
			);
			mainGroup = 354757D32509411B006F4E83;
			productRefGroup = 354757DD2509411B006F4E83 /* Products */;
			projectDirPath = "";
			projectRoot = "";
			targets = (
				354757DB2509411B006F4E83 /* PDFMergeExample */,
			);
		};
/* End PBXProject section */

/* Begin PBXResourcesBuildPhase section */
		354757DA2509411B006F4E83 /* Resources */ = {
			isa = PBXResourcesBuildPhase;
			buildActionMask = 2147483647;
			files = (
				354757FC250944B8006F4E83 /* 3.pdf in Resources */,
				354757EC2509411C006F4E83 /* LaunchScreen.storyboard in Resources */,
				354757FB250944B8006F4E83 /* 1.pdf in Resources */,
				354757E92509411C006F4E83 /* Assets.xcassets in Resources */,
				354757E72509411B006F4E83 /* Main.storyboard in Resources */,
				354757FA250944B8006F4E83 /* 2.pdf in Resources */,
			);
			runOnlyForDeploymentPostprocessing = 0;
		};
/* End PBXResourcesBuildPhase section */

/* Begin PBXSourcesBuildPhase section */
		354757D82509411B006F4E83 /* Sources */ = {
			isa = PBXSourcesBuildPhase;
			buildActionMask = 2147483647;
			files = (
				354757E42509411B006F4E83 /* ViewController.swift in Sources */,
				354757E02509411B006F4E83 /* AppDelegate.swift in Sources */,
				354757E22509411B006F4E83 /* SceneDelegate.swift in Sources */,
			);
			runOnlyForDeploymentPostprocessing = 0;
		};
/* End PBXSourcesBuildPhase section */

/* Begin PBXVariantGroup section */
		354757E52509411B006F4E83 /* Main.storyboard */ = {
			isa = PBXVariantGroup;
			children = (
				354757E62509411B006F4E83 /* Base */,
			);
			name = Main.storyboard;
			sourceTree = "<group>";
		};
		354757EA2509411C006F4E83 /* LaunchScreen.storyboard */ = {
			isa = PBXVariantGroup;
			children = (
				354757EB2509411C006F4E83 /* Base */,
			);
			name = LaunchScreen.storyboard;
			sourceTree = "<group>";
		};
/* End PBXVariantGroup section */

/* Begin XCBuildConfiguration section */
		354757EE2509411C006F4E83 /* Debug */ = {
			isa = XCBuildConfiguration;
			buildSettings = {
				ALWAYS_SEARCH_USER_PATHS = NO;
				CLANG_ANALYZER_NONNULL = YES;
				CLANG_ANALYZER_NUMBER_OBJECT_CONVERSION = YES_AGGRESSIVE;
				CLANG_CXX_LANGUAGE_STANDARD = "gnu++14";
				CLANG_CXX_LIBRARY = "libc++";
				CLANG_ENABLE_MODULES = YES;
				CLANG_ENABLE_OBJC_ARC = YES;
				CLANG_ENABLE_OBJC_WEAK = YES;
				CLANG_WARN_BLOCK_CAPTURE_AUTORELEASING = YES;
				CLANG_WARN_BOOL_CONVERSION = YES;
				CLANG_WARN_COMMA = YES;
				CLANG_WARN_CONSTANT_CONVERSION = YES;
				CLANG_WARN_DEPRECATED_OBJC_IMPLEMENTATIONS = YES;
				CLANG_WARN_DIRECT_OBJC_ISA_USAGE = YES_ERROR;
				CLANG_WARN_DOCUMENTATION_COMMENTS = YES;
				CLANG_WARN_EMPTY_BODY = YES;
				CLANG_WARN_ENUM_CONVERSION = YES;
				CLANG_WARN_INFINITE_RECURSION = YES;
				CLANG_WARN_INT_CONVERSION = YES;
				CLANG_WARN_NON_LITERAL_NULL_CONVERSION = YES;
				CLANG_WARN_OBJC_IMPLICIT_RETAIN_SELF = YES;
				CLANG_WARN_OBJC_LITERAL_CONVERSION = YES;
				CLANG_WARN_OBJC_ROOT_CLASS = YES_ERROR;
				CLANG_WARN_RANGE_LOOP_ANALYSIS = YES;
				CLANG_WARN_STRICT_PROTOTYPES = YES;
				CLANG_WARN_SUSPICIOUS_MOVE = YES;
				CLANG_WARN_UNGUARDED_AVAILABILITY = YES_AGGRESSIVE;
				CLANG_WARN_UNREACHABLE_CODE = YES;
				CLANG_WARN__DUPLICATE_METHOD_MATCH = YES;
				COPY_PHASE_STRIP = NO;
				DEBUG_INFORMATION_FORMAT = dwarf;
				ENABLE_STRICT_OBJC_MSGSEND = YES;
				ENABLE_TESTABILITY = YES;
				GCC_C_LANGUAGE_STANDARD = gnu11;
				GCC_DYNAMIC_NO_PIC = NO;
				GCC_NO_COMMON_BLOCKS = YES;
				GCC_OPTIMIZATION_LEVEL = 0;
				GCC_PREPROCESSOR_DEFINITIONS = (
					"DEBUG=1",
					"$(inherited)",
				);
				GCC_WARN_64_TO_32_BIT_CONVERSION = YES;
				GCC_WARN_ABOUT_RETURN_TYPE = YES_ERROR;
				GCC_WARN_UNDECLARED_SELECTOR = YES;
				GCC_WARN_UNINITIALIZED_AUTOS = YES_AGGRESSIVE;
				GCC_WARN_UNUSED_FUNCTION = YES;
				GCC_WARN_UNUSED_VARIABLE = YES;
				IPHONEOS_DEPLOYMENT_TARGET = 13.5;
				MTL_ENABLE_DEBUG_INFO = INCLUDE_SOURCE;
				MTL_FAST_MATH = YES;
				ONLY_ACTIVE_ARCH = YES;
				SDKROOT = iphoneos;
				SWIFT_ACTIVE_COMPILATION_CONDITIONS = DEBUG;
				SWIFT_OPTIMIZATION_LEVEL = "-Onone";
			};
			name = Debug;
		};
		354757EF2509411C006F4E83 /* Release */ = {
			isa = XCBuildConfiguration;
			buildSettings = {
				ALWAYS_SEARCH_USER_PATHS = NO;
				CLANG_ANALYZER_NONNULL = YES;
				CLANG_ANALYZER_NUMBER_OBJECT_CONVERSION = YES_AGGRESSIVE;
				CLANG_CXX_LANGUAGE_STANDARD = "gnu++14";
				CLANG_CXX_LIBRARY = "libc++";
				CLANG_ENABLE_MODULES = YES;
				CLANG_ENABLE_OBJC_ARC = YES;
				CLANG_ENABLE_OBJC_WEAK = YES;
				CLANG_WARN_BLOCK_CAPTURE_AUTORELEASING = YES;
				CLANG_WARN_BOOL_CONVERSION = YES;
				CLANG_WARN_COMMA = YES;
				CLANG_WARN_CONSTANT_CONVERSION = YES;
				CLANG_WARN_DEPRECATED_OBJC_IMPLEMENTATIONS = YES;
				CLANG_WARN_DIRECT_OBJC_ISA_USAGE = YES_ERROR;
				CLANG_WARN_DOCUMENTATION_COMMENTS = YES;
				CLANG_WARN_EMPTY_BODY = YES;
				CLANG_WARN_ENUM_CONVERSION = YES;
				CLANG_WARN_INFINITE_RECURSION = YES;
				CLANG_WARN_INT_CONVERSION = YES;
				CLANG_WARN_NON_LITERAL_NULL_CONVERSION = YES;
				CLANG_WARN_OBJC_IMPLICIT_RETAIN_SELF = YES;
				CLANG_WARN_OBJC_LITERAL_CONVERSION = YES;
				CLANG_WARN_OBJC_ROOT_CLASS = YES_ERROR;
				CLANG_WARN_RANGE_LOOP_ANALYSIS = YES;
				CLANG_WARN_STRICT_PROTOTYPES = YES;
				CLANG_WARN_SUSPICIOUS_MOVE = YES;
				CLANG_WARN_UNGUARDED_AVAILABILITY = YES_AGGRESSIVE;
				CLANG_WARN_UNREACHABLE_CODE = YES;
				CLANG_WARN__DUPLICATE_METHOD_MATCH = YES;
				COPY_PHASE_STRIP = NO;
				DEBUG_INFORMATION_FORMAT = "dwarf-with-dsym";
				ENABLE_NS_ASSERTIONS = NO;
				ENABLE_STRICT_OBJC_MSGSEND = YES;
				GCC_C_LANGUAGE_STANDARD = gnu11;
				GCC_NO_COMMON_BLOCKS = YES;
				GCC_WARN_64_TO_32_BIT_CONVERSION = YES;
				GCC_WARN_ABOUT_RETURN_TYPE = YES_ERROR;
				GCC_WARN_UNDECLARED_SELECTOR = YES;
				GCC_WARN_UNINITIALIZED_AUTOS = YES_AGGRESSIVE;
				GCC_WARN_UNUSED_FUNCTION = YES;
				GCC_WARN_UNUSED_VARIABLE = YES;
				IPHONEOS_DEPLOYMENT_TARGET = 13.5;
				MTL_ENABLE_DEBUG_INFO = NO;
				MTL_FAST_MATH = YES;
				SDKROOT = iphoneos;
				SWIFT_COMPILATION_MODE = wholemodule;
				SWIFT_OPTIMIZATION_LEVEL = "-O";
				VALIDATE_PRODUCT = YES;
			};
			name = Release;
		};
		354757F12509411C006F4E83 /* Debug */ = {
			isa = XCBuildConfiguration;
			buildSettings = {
				ASSETCATALOG_COMPILER_APPICON_NAME = AppIcon;
				CODE_SIGN_STYLE = Automatic;
				INFOPLIST_FILE = PDFMergeExample/Info.plist;
				LD_RUNPATH_SEARCH_PATHS = (
					"$(inherited)",
					"@executable_path/Frameworks",
				);
				PRODUCT_BUNDLE_IDENTIFIER = com.siddharth.PDFMergeExample;
				PRODUCT_NAME = "$(TARGET_NAME)";
				SWIFT_VERSION = 5.0;
				TARGETED_DEVICE_FAMILY = "1,2";
			};
			name = Debug;
		};
		354757F22509411C006F4E83 /* Release */ = {
			isa = XCBuildConfiguration;
			buildSettings = {
				ASSETCATALOG_COMPILER_APPICON_NAME = AppIcon;
				CODE_SIGN_STYLE = Automatic;
				INFOPLIST_FILE = PDFMergeExample/Info.plist;
				LD_RUNPATH_SEARCH_PATHS = (
					"$(inherited)",
					"@executable_path/Frameworks",
				);
				PRODUCT_BUNDLE_IDENTIFIER = com.siddharth.PDFMergeExample;
				PRODUCT_NAME = "$(TARGET_NAME)";
				SWIFT_VERSION = 5.0;
				TARGETED_DEVICE_FAMILY = "1,2";
			};
			name = Release;
		};
/* End XCBuildConfiguration section */

/* Begin XCConfigurationList section */
		354757D72509411B006F4E83 /* Build configuration list for PBXProject "PDFMergeExample" */ = {
			isa = XCConfigurationList;
			buildConfigurations = (
				354757EE2509411C006F4E83 /* Debug */,
				354757EF2509411C006F4E83 /* Release */,
			);
			defaultConfigurationIsVisible = 0;
			defaultConfigurationName = Release;
		};
		354757F02509411C006F4E83 /* Build configuration list for PBXNativeTarget "PDFMergeExample" */ = {
			isa = XCConfigurationList;
			buildConfigurations = (
				354757F12509411C006F4E83 /* Debug */,
				354757F22509411C006F4E83 /* Release */,
			);
			defaultConfigurationIsVisible = 0;
			defaultConfigurationName = Release;
		};
/* End XCConfigurationList section */
	};
	rootObject = 354757D42509411B006F4E83 /* Project object */;
}
